
Microsoft Visual Studio Solution File, Format Version 12.00
# Visual Studio Version 17
VisualStudioVersion = 17.1.32210.238
MinimumVisualStudioVersion = 10.0.40219.1
Project("{FAE04EC0-301F-11D3-BF4B-00C04F79EFBC}") = "UKHO.SAP.MockService", "src\UKHO.SAP.MockService\UKHO.SAP.MockService.csproj", "{DBE2E036-A84A-4958-B09F-ABA14D171B72}"
EndProject
Project("{2150E333-8FDC-42A3-9474-1A3956D46DE8}") = "src", "src", "{DB320835-CB53-4DB1-87E3-E50DB83EC5CB}"
EndProject
Global
	GlobalSection(SolutionConfigurationPlatforms) = preSolution
		Debug|Any CPU = Debug|Any CPU
		Release|Any CPU = Release|Any CPU
	EndGlobalSection
	GlobalSection(ProjectConfigurationPlatforms) = postSolution
		{DBE2E036-A84A-4958-B09F-ABA14D171B72}.Debug|Any CPU.ActiveCfg = Debug|Any CPU
		{DBE2E036-A84A-4958-B09F-ABA14D171B72}.Debug|Any CPU.Build.0 = Debug|Any CPU
		{DBE2E036-A84A-4958-B09F-ABA14D171B72}.Release|Any CPU.ActiveCfg = Release|Any CPU
		{DBE2E036-A84A-4958-B09F-ABA14D171B72}.Release|Any CPU.Build.0 = Release|Any CPU
	EndGlobalSection
	GlobalSection(SolutionProperties) = preSolution
		HideSolutionNode = FALSE
	EndGlobalSection
	GlobalSection(NestedProjects) = preSolution
		{DBE2E036-A84A-4958-B09F-ABA14D171B72} = {DB320835-CB53-4DB1-87E3-E50DB83EC5CB}
	EndGlobalSection
	GlobalSection(ExtensibilityGlobals) = postSolution
		SolutionGuid = {DAC65B24-3C46-4401-9122-409A4FF54495}
	EndGlobalSection
EndGlobal
