
Microsoft Visual Studio Solution File, Format Version 12.00
# Visual Studio Version 17
VisualStudioVersion = 17.3.32922.545
MinimumVisualStudioVersion = 10.0.40219.1
Project("{2150E333-8FDC-42A3-9474-1A3956D46DE8}") = "@Test", "@Test", "{0B760CF4-69CE-43B3-AF77-7F5267C61D4B}"
EndProject
Project("{FAE04EC0-301F-11D3-BF4B-00C04F79EFBC}") = "UKHO.ERPFacade", "src\UKHO.ERPFacade\UKHO.ERPFacade.csproj", "{4DD2DEA0-8AC8-4EB0-A1E1-0A571C46EE7D}"
EndProject
Project("{FAE04EC0-301F-11D3-BF4B-00C04F79EFBC}") = "UKHO.ERPFacade.Tests", "test\UKHO.ERPFacade.Tests\UKHO.ERPFacade.Tests.csproj", "{2D2DD45F-3147-49EA-AF1D-2266D3CAE9CD}"
EndProject
Global
	GlobalSection(SolutionConfigurationPlatforms) = preSolution
		Debug|Any CPU = Debug|Any CPU
		Release|Any CPU = Release|Any CPU
	EndGlobalSection
	GlobalSection(ProjectConfigurationPlatforms) = postSolution
		{4DD2DEA0-8AC8-4EB0-A1E1-0A571C46EE7D}.Debug|Any CPU.ActiveCfg = Debug|Any CPU
		{4DD2DEA0-8AC8-4EB0-A1E1-0A571C46EE7D}.Debug|Any CPU.Build.0 = Debug|Any CPU
		{4DD2DEA0-8AC8-4EB0-A1E1-0A571C46EE7D}.Release|Any CPU.ActiveCfg = Release|Any CPU
		{4DD2DEA0-8AC8-4EB0-A1E1-0A571C46EE7D}.Release|Any CPU.Build.0 = Release|Any CPU
		{2D2DD45F-3147-49EA-AF1D-2266D3CAE9CD}.Debug|Any CPU.ActiveCfg = Debug|Any CPU
		{2D2DD45F-3147-49EA-AF1D-2266D3CAE9CD}.Debug|Any CPU.Build.0 = Debug|Any CPU
		{2D2DD45F-3147-49EA-AF1D-2266D3CAE9CD}.Release|Any CPU.ActiveCfg = Release|Any CPU
		{2D2DD45F-3147-49EA-AF1D-2266D3CAE9CD}.Release|Any CPU.Build.0 = Release|Any CPU
	EndGlobalSection
	GlobalSection(SolutionProperties) = preSolution
		HideSolutionNode = FALSE
	EndGlobalSection
	GlobalSection(NestedProjects) = preSolution
		{2D2DD45F-3147-49EA-AF1D-2266D3CAE9CD} = {0B760CF4-69CE-43B3-AF77-7F5267C61D4B}
	EndGlobalSection
	GlobalSection(ExtensibilityGlobals) = postSolution
		SolutionGuid = {BF0B4581-F0AA-473C-A20A-39248D227DF6}
	EndGlobalSection
EndGlobal
