
Microsoft Visual Studio Solution File, Format Version 12.00
# Visual Studio Version 17
VisualStudioVersion = 17.3.32922.545
MinimumVisualStudioVersion = 10.0.40219.1
Project("{9A19103F-16F7-4668-BE54-9A1E7A4F7556}") = "UKHO.ERPFacade.API", "src\UKHO.ERPFacade.API\UKHO.ERPFacade.API.csproj", "{75F3C20F-4B77-4F76-AA22-688241572ED7}"
EndProject
Project("{9A19103F-16F7-4668-BE54-9A1E7A4F7556}") = "UKHO.ERPFacade.API.UnitTests", "tests\UKHO.ERPFacade.API.UnitTests\UKHO.ERPFacade.API.UnitTests.csproj", "{F38E6FBB-5C68-4B8D-92D0-6160D0AFE3B9}"
EndProject
Project("{2150E333-8FDC-42A3-9474-1A3956D46DE8}") = "src", "src", "{E2E557E3-1BF9-47BD-9B86-949B7F1CE3FA}"
EndProject
Project("{2150E333-8FDC-42A3-9474-1A3956D46DE8}") = "tests", "tests", "{50E64422-A1CF-4B77-9652-B141C13C6086}"
	ProjectSection(SolutionItems) = preProject
		src\UKHO.ERPFacade.Monitoring.WebJob\UKHO.ERPFacade.Monitoring.WebJob.v3.ncrunchproject = src\UKHO.ERPFacade.Monitoring.WebJob\UKHO.ERPFacade.Monitoring.WebJob.v3.ncrunchproject
	EndProjectSection
EndProject
Project("{9A19103F-16F7-4668-BE54-9A1E7A4F7556}") = "UKHO.ERPFacade.Common", "src\UKHO.ERPFacade.Common\UKHO.ERPFacade.Common.csproj", "{37689E17-E7FD-48D0-A361-B869B9B837BB}"
EndProject
Project("{9A19103F-16F7-4668-BE54-9A1E7A4F7556}") = "UKHO.ERPFacade.API.FunctionalTests", "tests\UKHO.ERPFacade.API.FunctionalTests\UKHO.ERPFacade.API.FunctionalTests.csproj", "{5F10693E-08F2-4394-A5C3-DFD1B2FFCB23}"
EndProject
Project("{9A19103F-16F7-4668-BE54-9A1E7A4F7556}") = "UKHO.SAP.MockAPIService", "src\UKHO.SAP.MockAPIService\UKHO.SAP.MockAPIService.csproj", "{2DA52056-E804-4B85-A741-C4CF1258E984}"
EndProject
Project("{9A19103F-16F7-4668-BE54-9A1E7A4F7556}") = "UKHO.ERPFacade.Common.UnitTests", "tests\UKHO.ERPFacade.Common.UnitTests\UKHO.ERPFacade.Common.UnitTests.csproj", "{4F7E2A82-02A8-4EA6-8EF8-D33D5EFC6BBB}"
EndProject
Project("{9A19103F-16F7-4668-BE54-9A1E7A4F7556}") = "UKHO.ERPFacade.CleanUp.WebJob", "src\UKHO.ERPFacade.CleanUp.WebJob\UKHO.ERPFacade.CleanUp.WebJob.csproj", "{D172CA22-39E9-4DA6-B88A-4BDCEDB6699A}"
EndProject
Project("{9A19103F-16F7-4668-BE54-9A1E7A4F7556}") = "UKHO.ERPFacade.CleanUp.WebJob.UnitTests", "tests\UKHO.ERPFacade.CleanUp.WebJob.UnitTests\UKHO.ERPFacade.CleanUp.WebJob.UnitTests.csproj", "{E0EE87DB-1582-4DBD-8387-FAF180CBB845}"
EndProject
Project("{9A19103F-16F7-4668-BE54-9A1E7A4F7556}") = "UKHO.ERPFacade.EventAggregation.WebJob", "src\UKHO.ERPFacade.EventAggregation.WebJob\UKHO.ERPFacade.EventAggregation.WebJob.csproj", "{F82F8E74-51BA-41A9-95C1-48AE58938959}"
EndProject
Project("{9A19103F-16F7-4668-BE54-9A1E7A4F7556}") = "UKHO.ERPFacade.EventAggregation.WebJob.UnitTests", "tests\UKHO.ERPFacade.EventAggregation.WebJob.UnitTests\UKHO.ERPFacade.EventAggregation.WebJob.UnitTests.csproj", "{860140C0-E6FA-41E6-86D3-BB49D5D25EDA}"
EndProject
Project("{9A19103F-16F7-4668-BE54-9A1E7A4F7556}") = "UKHO.ADDS.SAP.Mock.Common", "src\UKHO.ADDS.SAP.Mock.Common\UKHO.ADDS.SAP.Mock.Common.csproj", "{B71E2865-8C06-4ABF-9DF3-4E57D69C0BE0}"
EndProject
Project("{9A19103F-16F7-4668-BE54-9A1E7A4F7556}") = "UKHO.ADDS.SAP.Mock.ErpCallback", "src\UKHO.ADDS.SAP.Mock.ErpCallback\UKHO.ADDS.SAP.Mock.ErpCallback.csproj", "{A453BC7A-8141-4ED1-A160-13E32D75D23F}"
EndProject
Project("{9A19103F-16F7-4668-BE54-9A1E7A4F7556}") = "UKHO.ADDS.SAP.Mock.API", "src\UKHO.ADDS.SAP.Mock.API\UKHO.ADDS.SAP.Mock.API.csproj", "{56E1AFB5-782B-4E06-8134-1CC37CBF8AF2}"
EndProject
Project("{2150E333-8FDC-42A3-9474-1A3956D46DE8}") = "ADDS SAP Mock", "ADDS SAP Mock", "{1FD30A46-3F40-4A5D-8A67-330BAB6BFD39}"
EndProject
Global
	GlobalSection(SolutionConfigurationPlatforms) = preSolution
		Debug|Any CPU = Debug|Any CPU
		Release|Any CPU = Release|Any CPU
	EndGlobalSection
	GlobalSection(ProjectConfigurationPlatforms) = postSolution
		{75F3C20F-4B77-4F76-AA22-688241572ED7}.Debug|Any CPU.ActiveCfg = Debug|Any CPU
		{75F3C20F-4B77-4F76-AA22-688241572ED7}.Debug|Any CPU.Build.0 = Debug|Any CPU
		{75F3C20F-4B77-4F76-AA22-688241572ED7}.Release|Any CPU.ActiveCfg = Release|Any CPU
		{75F3C20F-4B77-4F76-AA22-688241572ED7}.Release|Any CPU.Build.0 = Release|Any CPU
		{F38E6FBB-5C68-4B8D-92D0-6160D0AFE3B9}.Debug|Any CPU.ActiveCfg = Debug|Any CPU
		{F38E6FBB-5C68-4B8D-92D0-6160D0AFE3B9}.Debug|Any CPU.Build.0 = Debug|Any CPU
		{F38E6FBB-5C68-4B8D-92D0-6160D0AFE3B9}.Release|Any CPU.ActiveCfg = Release|Any CPU
		{F38E6FBB-5C68-4B8D-92D0-6160D0AFE3B9}.Release|Any CPU.Build.0 = Release|Any CPU
		{37689E17-E7FD-48D0-A361-B869B9B837BB}.Debug|Any CPU.ActiveCfg = Debug|Any CPU
		{37689E17-E7FD-48D0-A361-B869B9B837BB}.Debug|Any CPU.Build.0 = Debug|Any CPU
		{37689E17-E7FD-48D0-A361-B869B9B837BB}.Release|Any CPU.ActiveCfg = Release|Any CPU
		{37689E17-E7FD-48D0-A361-B869B9B837BB}.Release|Any CPU.Build.0 = Release|Any CPU
		{5F10693E-08F2-4394-A5C3-DFD1B2FFCB23}.Debug|Any CPU.ActiveCfg = Debug|Any CPU
		{5F10693E-08F2-4394-A5C3-DFD1B2FFCB23}.Debug|Any CPU.Build.0 = Debug|Any CPU
		{5F10693E-08F2-4394-A5C3-DFD1B2FFCB23}.Release|Any CPU.ActiveCfg = Release|Any CPU
		{5F10693E-08F2-4394-A5C3-DFD1B2FFCB23}.Release|Any CPU.Build.0 = Release|Any CPU
		{2DA52056-E804-4B85-A741-C4CF1258E984}.Debug|Any CPU.ActiveCfg = Debug|Any CPU
		{2DA52056-E804-4B85-A741-C4CF1258E984}.Debug|Any CPU.Build.0 = Debug|Any CPU
		{2DA52056-E804-4B85-A741-C4CF1258E984}.Release|Any CPU.ActiveCfg = Release|Any CPU
		{2DA52056-E804-4B85-A741-C4CF1258E984}.Release|Any CPU.Build.0 = Release|Any CPU
		{4F7E2A82-02A8-4EA6-8EF8-D33D5EFC6BBB}.Debug|Any CPU.ActiveCfg = Debug|Any CPU
		{4F7E2A82-02A8-4EA6-8EF8-D33D5EFC6BBB}.Debug|Any CPU.Build.0 = Debug|Any CPU
		{4F7E2A82-02A8-4EA6-8EF8-D33D5EFC6BBB}.Release|Any CPU.ActiveCfg = Release|Any CPU
		{4F7E2A82-02A8-4EA6-8EF8-D33D5EFC6BBB}.Release|Any CPU.Build.0 = Release|Any CPU
		{D172CA22-39E9-4DA6-B88A-4BDCEDB6699A}.Debug|Any CPU.ActiveCfg = Debug|Any CPU
		{D172CA22-39E9-4DA6-B88A-4BDCEDB6699A}.Debug|Any CPU.Build.0 = Debug|Any CPU
		{D172CA22-39E9-4DA6-B88A-4BDCEDB6699A}.Release|Any CPU.ActiveCfg = Release|Any CPU
		{D172CA22-39E9-4DA6-B88A-4BDCEDB6699A}.Release|Any CPU.Build.0 = Release|Any CPU
		{E0EE87DB-1582-4DBD-8387-FAF180CBB845}.Debug|Any CPU.ActiveCfg = Debug|Any CPU
		{E0EE87DB-1582-4DBD-8387-FAF180CBB845}.Debug|Any CPU.Build.0 = Debug|Any CPU
		{E0EE87DB-1582-4DBD-8387-FAF180CBB845}.Release|Any CPU.ActiveCfg = Release|Any CPU
		{E0EE87DB-1582-4DBD-8387-FAF180CBB845}.Release|Any CPU.Build.0 = Release|Any CPU
		{F82F8E74-51BA-41A9-95C1-48AE58938959}.Debug|Any CPU.ActiveCfg = Debug|Any CPU
		{F82F8E74-51BA-41A9-95C1-48AE58938959}.Debug|Any CPU.Build.0 = Debug|Any CPU
		{F82F8E74-51BA-41A9-95C1-48AE58938959}.Release|Any CPU.ActiveCfg = Release|Any CPU
		{F82F8E74-51BA-41A9-95C1-48AE58938959}.Release|Any CPU.Build.0 = Release|Any CPU
		{860140C0-E6FA-41E6-86D3-BB49D5D25EDA}.Debug|Any CPU.ActiveCfg = Debug|Any CPU
		{860140C0-E6FA-41E6-86D3-BB49D5D25EDA}.Debug|Any CPU.Build.0 = Debug|Any CPU
		{860140C0-E6FA-41E6-86D3-BB49D5D25EDA}.Release|Any CPU.ActiveCfg = Release|Any CPU
		{860140C0-E6FA-41E6-86D3-BB49D5D25EDA}.Release|Any CPU.Build.0 = Release|Any CPU
		{B71E2865-8C06-4ABF-9DF3-4E57D69C0BE0}.Debug|Any CPU.ActiveCfg = Debug|Any CPU
		{B71E2865-8C06-4ABF-9DF3-4E57D69C0BE0}.Debug|Any CPU.Build.0 = Debug|Any CPU
		{B71E2865-8C06-4ABF-9DF3-4E57D69C0BE0}.Release|Any CPU.ActiveCfg = Release|Any CPU
		{B71E2865-8C06-4ABF-9DF3-4E57D69C0BE0}.Release|Any CPU.Build.0 = Release|Any CPU
		{A453BC7A-8141-4ED1-A160-13E32D75D23F}.Debug|Any CPU.ActiveCfg = Debug|Any CPU
		{A453BC7A-8141-4ED1-A160-13E32D75D23F}.Debug|Any CPU.Build.0 = Debug|Any CPU
		{A453BC7A-8141-4ED1-A160-13E32D75D23F}.Release|Any CPU.ActiveCfg = Release|Any CPU
		{A453BC7A-8141-4ED1-A160-13E32D75D23F}.Release|Any CPU.Build.0 = Release|Any CPU
		{56E1AFB5-782B-4E06-8134-1CC37CBF8AF2}.Debug|Any CPU.ActiveCfg = Debug|Any CPU
		{56E1AFB5-782B-4E06-8134-1CC37CBF8AF2}.Debug|Any CPU.Build.0 = Debug|Any CPU
		{56E1AFB5-782B-4E06-8134-1CC37CBF8AF2}.Release|Any CPU.ActiveCfg = Release|Any CPU
		{56E1AFB5-782B-4E06-8134-1CC37CBF8AF2}.Release|Any CPU.Build.0 = Release|Any CPU
	EndGlobalSection
	GlobalSection(SolutionProperties) = preSolution
		HideSolutionNode = FALSE
	EndGlobalSection
	GlobalSection(NestedProjects) = preSolution
		{75F3C20F-4B77-4F76-AA22-688241572ED7} = {E2E557E3-1BF9-47BD-9B86-949B7F1CE3FA}
		{F38E6FBB-5C68-4B8D-92D0-6160D0AFE3B9} = {50E64422-A1CF-4B77-9652-B141C13C6086}
		{37689E17-E7FD-48D0-A361-B869B9B837BB} = {E2E557E3-1BF9-47BD-9B86-949B7F1CE3FA}
		{5F10693E-08F2-4394-A5C3-DFD1B2FFCB23} = {50E64422-A1CF-4B77-9652-B141C13C6086}
		{2DA52056-E804-4B85-A741-C4CF1258E984} = {E2E557E3-1BF9-47BD-9B86-949B7F1CE3FA}
		{4F7E2A82-02A8-4EA6-8EF8-D33D5EFC6BBB} = {50E64422-A1CF-4B77-9652-B141C13C6086}
		{D172CA22-39E9-4DA6-B88A-4BDCEDB6699A} = {E2E557E3-1BF9-47BD-9B86-949B7F1CE3FA}
		{E0EE87DB-1582-4DBD-8387-FAF180CBB845} = {50E64422-A1CF-4B77-9652-B141C13C6086}
		{F82F8E74-51BA-41A9-95C1-48AE58938959} = {E2E557E3-1BF9-47BD-9B86-949B7F1CE3FA}
		{860140C0-E6FA-41E6-86D3-BB49D5D25EDA} = {50E64422-A1CF-4B77-9652-B141C13C6086}
		{B71E2865-8C06-4ABF-9DF3-4E57D69C0BE0} = {1FD30A46-3F40-4A5D-8A67-330BAB6BFD39}
		{A453BC7A-8141-4ED1-A160-13E32D75D23F} = {1FD30A46-3F40-4A5D-8A67-330BAB6BFD39}
		{56E1AFB5-782B-4E06-8134-1CC37CBF8AF2} = {1FD30A46-3F40-4A5D-8A67-330BAB6BFD39}
		{1FD30A46-3F40-4A5D-8A67-330BAB6BFD39} = {E2E557E3-1BF9-47BD-9B86-949B7F1CE3FA}
	EndGlobalSection
	GlobalSection(ExtensibilityGlobals) = postSolution
		SolutionGuid = {BF0B4581-F0AA-473C-A20A-39248D227DF6}
	EndGlobalSection
EndGlobal
