
Microsoft Visual Studio Solution File, Format Version 12.00
# Visual Studio Version 17
VisualStudioVersion = 17.9.34616.47
MinimumVisualStudioVersion = 10.0.40219.1
Project("{2150E333-8FDC-42A3-9474-1A3956D46DE8}") = "src", "src", "{88B6E4B9-1AE1-436E-B717-48D0AFCED824}"
EndProject
Project("{2150E333-8FDC-42A3-9474-1A3956D46DE8}") = "tests", "tests", "{4F4BAC01-8114-471A-B844-B30E538E1700}"
EndProject
Project("{9A19103F-16F7-4668-BE54-9A1E7A4F7556}") = "UKHO.ADDS.SAP.Mock.Common", "src\Mock\UKHO.ADDS.SAP.Mock.Common\UKHO.ADDS.SAP.Mock.Common.csproj", "{C04F672D-FB0B-494F-B435-CCA1EDC185A8}"
EndProject
Project("{9A19103F-16F7-4668-BE54-9A1E7A4F7556}") = "UKHO.ADDS.SAP.Mock.ErpCallback", "src\Mock\UKHO.ADDS.SAP.Mock.ErpCallback\UKHO.ADDS.SAP.Mock.ErpCallback.csproj", "{2C5E27EB-7F12-4534-8A9F-C087765CA8BF}"
EndProject
Project("{9A19103F-16F7-4668-BE54-9A1E7A4F7556}") = "UKHO.ADDS.SAP.Mock.API", "src\Mock\UKHO.ADDS.SAP.Mock.API\UKHO.ADDS.SAP.Mock.API.csproj", "{E4C4F409-8757-4ECB-9C6F-2FB9D2DC6E39}"
EndProject
Project("{9A19103F-16F7-4668-BE54-9A1E7A4F7556}") = "UKHO.ADDS.SAP.Mock.UnitTests", "src\Mock\UKHO.ADDS.SAP.Mock.UnitTests\UKHO.ADDS.SAP.Mock.UnitTests.csproj", "{7F8E1681-C806-48F9-AF2B-20015A304107}"
EndProject
Project("{9A19103F-16F7-4668-BE54-9A1E7A4F7556}") = "UKHO.ADDS.SAP.Mock.IntegrationTests", "src\Mock\UKHO.ADDS.SAP.Mock.IntegrationTests\UKHO.ADDS.SAP.Mock.IntegrationTests.csproj", "{638D3158-AF3C-41B6-8B31-9BE382E9924D}"
EndProject
Global
	GlobalSection(SolutionConfigurationPlatforms) = preSolution
		Debug|Any CPU = Debug|Any CPU
		Release|Any CPU = Release|Any CPU
	EndGlobalSection
	GlobalSection(ProjectConfigurationPlatforms) = postSolution
		{C04F672D-FB0B-494F-B435-CCA1EDC185A8}.Debug|Any CPU.ActiveCfg = Debug|Any CPU
		{C04F672D-FB0B-494F-B435-CCA1EDC185A8}.Debug|Any CPU.Build.0 = Debug|Any CPU
		{C04F672D-FB0B-494F-B435-CCA1EDC185A8}.Release|Any CPU.ActiveCfg = Release|Any CPU
		{C04F672D-FB0B-494F-B435-CCA1EDC185A8}.Release|Any CPU.Build.0 = Release|Any CPU
		{2C5E27EB-7F12-4534-8A9F-C087765CA8BF}.Debug|Any CPU.ActiveCfg = Debug|Any CPU
		{2C5E27EB-7F12-4534-8A9F-C087765CA8BF}.Debug|Any CPU.Build.0 = Debug|Any CPU
		{2C5E27EB-7F12-4534-8A9F-C087765CA8BF}.Release|Any CPU.ActiveCfg = Release|Any CPU
		{2C5E27EB-7F12-4534-8A9F-C087765CA8BF}.Release|Any CPU.Build.0 = Release|Any CPU
		{E4C4F409-8757-4ECB-9C6F-2FB9D2DC6E39}.Debug|Any CPU.ActiveCfg = Debug|Any CPU
		{E4C4F409-8757-4ECB-9C6F-2FB9D2DC6E39}.Debug|Any CPU.Build.0 = Debug|Any CPU
		{E4C4F409-8757-4ECB-9C6F-2FB9D2DC6E39}.Release|Any CPU.ActiveCfg = Release|Any CPU
		{E4C4F409-8757-4ECB-9C6F-2FB9D2DC6E39}.Release|Any CPU.Build.0 = Release|Any CPU
		{7F8E1681-C806-48F9-AF2B-20015A304107}.Debug|Any CPU.ActiveCfg = Debug|Any CPU
		{7F8E1681-C806-48F9-AF2B-20015A304107}.Debug|Any CPU.Build.0 = Debug|Any CPU
		{7F8E1681-C806-48F9-AF2B-20015A304107}.Release|Any CPU.ActiveCfg = Release|Any CPU
		{7F8E1681-C806-48F9-AF2B-20015A304107}.Release|Any CPU.Build.0 = Release|Any CPU
		{638D3158-AF3C-41B6-8B31-9BE382E9924D}.Debug|Any CPU.ActiveCfg = Debug|Any CPU
		{638D3158-AF3C-41B6-8B31-9BE382E9924D}.Debug|Any CPU.Build.0 = Debug|Any CPU
		{638D3158-AF3C-41B6-8B31-9BE382E9924D}.Release|Any CPU.ActiveCfg = Release|Any CPU
		{638D3158-AF3C-41B6-8B31-9BE382E9924D}.Release|Any CPU.Build.0 = Release|Any CPU
	EndGlobalSection
	GlobalSection(SolutionProperties) = preSolution
		HideSolutionNode = FALSE
	EndGlobalSection
	GlobalSection(NestedProjects) = preSolution
		{C04F672D-FB0B-494F-B435-CCA1EDC185A8} = {88B6E4B9-1AE1-436E-B717-48D0AFCED824}
		{2C5E27EB-7F12-4534-8A9F-C087765CA8BF} = {88B6E4B9-1AE1-436E-B717-48D0AFCED824}
		{E4C4F409-8757-4ECB-9C6F-2FB9D2DC6E39} = {88B6E4B9-1AE1-436E-B717-48D0AFCED824}
		{7F8E1681-C806-48F9-AF2B-20015A304107} = {4F4BAC01-8114-471A-B844-B30E538E1700}
		{638D3158-AF3C-41B6-8B31-9BE382E9924D} = {4F4BAC01-8114-471A-B844-B30E538E1700}
	EndGlobalSection
	GlobalSection(ExtensibilityGlobals) = postSolution
		SolutionGuid = {6BD15B34-6109-4BE7-8BC5-DA7232002FBF}
	EndGlobalSection
EndGlobal
